
Microsoft Visual Studio Solution File, Format Version 12.00
# Visual Studio Version 16
VisualStudioVersion = 16.0.29519.181
MinimumVisualStudioVersion = 10.0.40219.1
Project("{FAE04EC0-301F-11D3-BF4B-00C04F79EFBC}") = "SignalRService", "SignalRService\SignalRService.csproj", "{BE0B03A8-AA48-422B-9A7A-3F55CCB13817}"
EndProject
Global
	GlobalSection(SolutionConfigurationPlatforms) = preSolution
		Debug|Any CPU = Debug|Any CPU
		Release|Any CPU = Release|Any CPU
	EndGlobalSection
	GlobalSection(ProjectConfigurationPlatforms) = postSolution
		{BE0B03A8-AA48-422B-9A7A-3F55CCB13817}.Debug|Any CPU.ActiveCfg = Debug|Any CPU
		{BE0B03A8-AA48-422B-9A7A-3F55CCB13817}.Debug|Any CPU.Build.0 = Debug|Any CPU
		{BE0B03A8-AA48-422B-9A7A-3F55CCB13817}.Release|Any CPU.ActiveCfg = Release|Any CPU
		{BE0B03A8-AA48-422B-9A7A-3F55CCB13817}.Release|Any CPU.Build.0 = Release|Any CPU
	EndGlobalSection
	GlobalSection(SolutionProperties) = preSolution
		HideSolutionNode = FALSE
	EndGlobalSection
	GlobalSection(ExtensibilityGlobals) = postSolution
		SolutionGuid = {369CDB56-C0CA-4894-9B33-E59071BC8E84}
	EndGlobalSection
EndGlobal
